
Microsoft Visual Studio Solution File, Format Version 12.00
# Visual Studio Version 17
VisualStudioVersion = 17.11.35222.181
MinimumVisualStudioVersion = 10.0.40219.1
Project("{FAE04EC0-301F-11D3-BF4B-00C04F79EFBC}") = "CheatChecker", "CheatChecker.csproj", "{CA2BBDFE-02CD-4FCF-8C1D-645728D620BC}"
EndProject
Global
	GlobalSection(SolutionConfigurationPlatforms) = preSolution
		Debug|Any CPU = Debug|Any CPU
		Release|Any CPU = Release|Any CPU
	EndGlobalSection
	GlobalSection(ProjectConfigurationPlatforms) = postSolution
		{CA2BBDFE-02CD-4FCF-8C1D-645728D620BC}.Debug|Any CPU.ActiveCfg = Debug|Any CPU
		{CA2BBDFE-02CD-4FCF-8C1D-645728D620BC}.Debug|Any CPU.Build.0 = Debug|Any CPU
		{CA2BBDFE-02CD-4FCF-8C1D-645728D620BC}.Release|Any CPU.ActiveCfg = Release|Any CPU
		{CA2BBDFE-02CD-4FCF-8C1D-645728D620BC}.Release|Any CPU.Build.0 = Release|Any CPU
	EndGlobalSection
	GlobalSection(SolutionProperties) = preSolution
		HideSolutionNode = FALSE
	EndGlobalSection
	GlobalSection(ExtensibilityGlobals) = postSolution
		SolutionGuid = {82D69676-4915-401D-8304-805D169144FF}
	EndGlobalSection
EndGlobal
